
Microsoft Visual Studio Solution File, Format Version 12.00
# Visual Studio Version 17
VisualStudioVersion = 17.4.33213.308
MinimumVisualStudioVersion = 10.0.40219.1
Project("{9A19103F-16F7-4668-BE54-9A1E7A4F7556}") = "Motel.App", "Motel.App\Motel.App.csproj", "{1B7A6D3F-6504-4838-A96C-5C1FA4619DCE}"
EndProject
Project("{FAE04EC0-301F-11D3-BF4B-00C04F79EFBC}") = "Motel.Application", "Motel.Service\Motel.Application.csproj", "{C871A956-F26C-46F0-9237-32E5F9A9BF97}"
EndProject
Project("{FAE04EC0-301F-11D3-BF4B-00C04F79EFBC}") = "Motel.Common", "Motel.Common\Motel.Common.csproj", "{73201270-B4AD-45C7-86FD-FBE78C6D064C}"
EndProject
Global
	GlobalSection(SolutionConfigurationPlatforms) = preSolution
		Debug|Any CPU = Debug|Any CPU
		Release|Any CPU = Release|Any CPU
	EndGlobalSection
	GlobalSection(ProjectConfigurationPlatforms) = postSolution
		{1B7A6D3F-6504-4838-A96C-5C1FA4619DCE}.Debug|Any CPU.ActiveCfg = Debug|Any CPU
		{1B7A6D3F-6504-4838-A96C-5C1FA4619DCE}.Debug|Any CPU.Build.0 = Debug|Any CPU
		{1B7A6D3F-6504-4838-A96C-5C1FA4619DCE}.Debug|Any CPU.Deploy.0 = Debug|Any CPU
		{1B7A6D3F-6504-4838-A96C-5C1FA4619DCE}.Release|Any CPU.ActiveCfg = Release|Any CPU
		{1B7A6D3F-6504-4838-A96C-5C1FA4619DCE}.Release|Any CPU.Build.0 = Release|Any CPU
		{1B7A6D3F-6504-4838-A96C-5C1FA4619DCE}.Release|Any CPU.Deploy.0 = Release|Any CPU
		{C871A956-F26C-46F0-9237-32E5F9A9BF97}.Debug|Any CPU.ActiveCfg = Debug|Any CPU
		{C871A956-F26C-46F0-9237-32E5F9A9BF97}.Debug|Any CPU.Build.0 = Debug|Any CPU
		{C871A956-F26C-46F0-9237-32E5F9A9BF97}.Release|Any CPU.ActiveCfg = Release|Any CPU
		{C871A956-F26C-46F0-9237-32E5F9A9BF97}.Release|Any CPU.Build.0 = Release|Any CPU
		{73201270-B4AD-45C7-86FD-FBE78C6D064C}.Debug|Any CPU.ActiveCfg = Debug|Any CPU
		{73201270-B4AD-45C7-86FD-FBE78C6D064C}.Debug|Any CPU.Build.0 = Debug|Any CPU
		{73201270-B4AD-45C7-86FD-FBE78C6D064C}.Release|Any CPU.ActiveCfg = Release|Any CPU
		{73201270-B4AD-45C7-86FD-FBE78C6D064C}.Release|Any CPU.Build.0 = Release|Any CPU
	EndGlobalSection
	GlobalSection(SolutionProperties) = preSolution
		HideSolutionNode = FALSE
	EndGlobalSection
	GlobalSection(ExtensibilityGlobals) = postSolution
		SolutionGuid = {7D96197E-6C0E-49A0-AF45-A25DCE4C91C1}
	EndGlobalSection
EndGlobal
