
Microsoft Visual Studio Solution File, Format Version 12.00
# Visual Studio Version 17
VisualStudioVersion = 17.2.32616.157
MinimumVisualStudioVersion = 10.0.40219.1
Project("{9A19103F-16F7-4668-BE54-9A1E7A4F7556}") = "Motel.Api", "Motel.Api\Motel.Api.csproj", "{99786C06-DDFB-4299-99C6-C7F9E124D273}"
EndProject
Project("{9A19103F-16F7-4668-BE54-9A1E7A4F7556}") = "Motel.Core", "Motel.Core\Motel.Core.csproj", "{6482A81C-780F-4506-97F8-148671F51121}"
EndProject
Project("{9A19103F-16F7-4668-BE54-9A1E7A4F7556}") = "Motel.Application", "Motel.Application\Motel.Application.csproj", "{49297A58-3861-4ADF-9314-FAA5DDF496B9}"
EndProject
Project("{FAE04EC0-301F-11D3-BF4B-00C04F79EFBC}") = "Motel.Common", "Motel.Common\Motel.Common.csproj", "{244F2554-426E-44C4-B56C-FAF71E0895DF}"
EndProject
Global
	GlobalSection(SolutionConfigurationPlatforms) = preSolution
		Debug|Any CPU = Debug|Any CPU
		Release|Any CPU = Release|Any CPU
	EndGlobalSection
	GlobalSection(ProjectConfigurationPlatforms) = postSolution
		{99786C06-DDFB-4299-99C6-C7F9E124D273}.Debug|Any CPU.ActiveCfg = Debug|Any CPU
		{99786C06-DDFB-4299-99C6-C7F9E124D273}.Debug|Any CPU.Build.0 = Debug|Any CPU
		{99786C06-DDFB-4299-99C6-C7F9E124D273}.Release|Any CPU.ActiveCfg = Release|Any CPU
		{99786C06-DDFB-4299-99C6-C7F9E124D273}.Release|Any CPU.Build.0 = Release|Any CPU
		{6482A81C-780F-4506-97F8-148671F51121}.Debug|Any CPU.ActiveCfg = Debug|Any CPU
		{6482A81C-780F-4506-97F8-148671F51121}.Debug|Any CPU.Build.0 = Debug|Any CPU
		{6482A81C-780F-4506-97F8-148671F51121}.Release|Any CPU.ActiveCfg = Release|Any CPU
		{6482A81C-780F-4506-97F8-148671F51121}.Release|Any CPU.Build.0 = Release|Any CPU
		{49297A58-3861-4ADF-9314-FAA5DDF496B9}.Debug|Any CPU.ActiveCfg = Debug|Any CPU
		{49297A58-3861-4ADF-9314-FAA5DDF496B9}.Debug|Any CPU.Build.0 = Debug|Any CPU
		{49297A58-3861-4ADF-9314-FAA5DDF496B9}.Release|Any CPU.ActiveCfg = Release|Any CPU
		{49297A58-3861-4ADF-9314-FAA5DDF496B9}.Release|Any CPU.Build.0 = Release|Any CPU
		{244F2554-426E-44C4-B56C-FAF71E0895DF}.Debug|Any CPU.ActiveCfg = Debug|Any CPU
		{244F2554-426E-44C4-B56C-FAF71E0895DF}.Debug|Any CPU.Build.0 = Debug|Any CPU
		{244F2554-426E-44C4-B56C-FAF71E0895DF}.Release|Any CPU.ActiveCfg = Release|Any CPU
		{244F2554-426E-44C4-B56C-FAF71E0895DF}.Release|Any CPU.Build.0 = Release|Any CPU
	EndGlobalSection
	GlobalSection(SolutionProperties) = preSolution
		HideSolutionNode = FALSE
	EndGlobalSection
	GlobalSection(ExtensibilityGlobals) = postSolution
		SolutionGuid = {D7948D74-4A30-43CC-A112-3EF366761AEE}
	EndGlobalSection
EndGlobal
